// !$*UTF8*$!
{
	archiveVersion = 1;
	classes = {
	};
	objectVersion = 50;
	objects = {

/* Begin PBXBuildFile section */
		B2664D5E22157E7C00DF308A /* RxKeyboard.swift in Sources */ = {isa = PBXBuildFile; fileRef = B2664D5C22157E7C00DF308A /* RxKeyboard.swift */; };
		B2664D5F22157E7C00DF308A /* RxStateful.swift in Sources */ = {isa = PBXBuildFile; fileRef = B2664D5D22157E7C00DF308A /* RxStateful.swift */; };
		B2664D6522157E8E00DF308A /* PageCoordinator.swift in Sources */ = {isa = PBXBuildFile; fileRef = B2664D6022157E8E00DF308A /* PageCoordinator.swift */; };
		B2664D6622157E8E00DF308A /* Coordinator.swift in Sources */ = {isa = PBXBuildFile; fileRef = B2664D6122157E8E00DF308A /* Coordinator.swift */; };
		B2664D6722157E8E00DF308A /* RootCoordinator.swift in Sources */ = {isa = PBXBuildFile; fileRef = B2664D6222157E8E00DF308A /* RootCoordinator.swift */; };
		B2664D6822157E8E00DF308A /* NavigationCoordinator.swift in Sources */ = {isa = PBXBuildFile; fileRef = B2664D6322157E8E00DF308A /* NavigationCoordinator.swift */; };
		B2664D6922157E8E00DF308A /* TabCoordinator.swift in Sources */ = {isa = PBXBuildFile; fileRef = B2664D6422157E8E00DF308A /* TabCoordinator.swift */; };
		B2CCB1C622155C690026479B /* AppDelegate.swift in Sources */ = {isa = PBXBuildFile; fileRef = B2CCB1C522155C690026479B /* AppDelegate.swift */; };
		B2CCB1C822155C690026479B /* AppCoordinator.swift in Sources */ = {isa = PBXBuildFile; fileRef = B2CCB1C722155C690026479B /* AppCoordinator.swift */; };
		B2CCB1CA22155C690026479B /* AppDependencies.swift in Sources */ = {isa = PBXBuildFile; fileRef = B2CCB1C922155C690026479B /* AppDependencies.swift */; };
		B2CCB1E422155C6A0026479B /* Assets.xcassets in Resources */ = {isa = PBXBuildFile; fileRef = B2CCB1E322155C6A0026479B /* Assets.xcassets */; };
		B2CCB1E722155C6A0026479B /* LaunchScreen.storyboard in Resources */ = {isa = PBXBuildFile; fileRef = B2CCB1E522155C6A0026479B /* LaunchScreen.storyboard */; };
		B2CCB2012215650E0026479B /* UserDefaultsService.swift in Sources */ = {isa = PBXBuildFile; fileRef = B2CCB2002215650E0026479B /* UserDefaultsService.swift */; };
		B2CCB20A221568560026479B /* HomeCoordinator.swift in Sources */ = {isa = PBXBuildFile; fileRef = B2CCB208221568560026479B /* HomeCoordinator.swift */; };
		B2CCB20B221568560026479B /* HomeTabBarController.swift in Sources */ = {isa = PBXBuildFile; fileRef = B2CCB209221568560026479B /* HomeTabBarController.swift */; };
		B2CCB21122156C590026479B /* CardsCoordinator.swift in Sources */ = {isa = PBXBuildFile; fileRef = B2CCB20D22156C590026479B /* CardsCoordinator.swift */; };
		B2CCB21222156C590026479B /* CardsPresenter.swift in Sources */ = {isa = PBXBuildFile; fileRef = B2CCB20E22156C590026479B /* CardsPresenter.swift */; };
		B2CCB21322156C590026479B /* CardsViewController.swift in Sources */ = {isa = PBXBuildFile; fileRef = B2CCB20F22156C590026479B /* CardsViewController.swift */; };
		B2CCB21422156C590026479B /* CardsInteractor.swift in Sources */ = {isa = PBXBuildFile; fileRef = B2CCB21022156C590026479B /* CardsInteractor.swift */; };
		B2CCB21A22156F220026479B /* UIColor+Hex.swift in Sources */ = {isa = PBXBuildFile; fileRef = B2CCB21822156F220026479B /* UIColor+Hex.swift */; };
		B2CCB21B22156F220026479B /* UIColor+Random.swift in Sources */ = {isa = PBXBuildFile; fileRef = B2CCB21922156F220026479B /* UIColor+Random.swift */; };
		B2CCB21E221571130026479B /* CustomNavigationControllerDelegate.swift in Sources */ = {isa = PBXBuildFile; fileRef = B2CCB21D221571130026479B /* CustomNavigationControllerDelegate.swift */; };
		B2CCB221221571CF0026479B /* Theme.swift in Sources */ = {isa = PBXBuildFile; fileRef = B2CCB220221571CF0026479B /* Theme.swift */; };
		B2CCB223221571F60026479B /* ColorPalette.swift in Sources */ = {isa = PBXBuildFile; fileRef = B2CCB222221571F60026479B /* ColorPalette.swift */; };
		ED6C6E0EF4E2BAB439512562 /* Pods_wallet.framework in Frameworks */ = {isa = PBXBuildFile; fileRef = B106394C77A75180642AA1D8 /* Pods_wallet.framework */; };
/* End PBXBuildFile section */

/* Begin PBXFileReference section */
		B106394C77A75180642AA1D8 /* Pods_wallet.framework */ = {isa = PBXFileReference; explicitFileType = wrapper.framework; includeInIndex = 0; path = Pods_wallet.framework; sourceTree = BUILT_PRODUCTS_DIR; };
		B2664D5C22157E7C00DF308A /* RxKeyboard.swift */ = {isa = PBXFileReference; fileEncoding = 4; lastKnownFileType = sourcecode.swift; path = RxKeyboard.swift; sourceTree = "<group>"; };
		B2664D5D22157E7C00DF308A /* RxStateful.swift */ = {isa = PBXFileReference; fileEncoding = 4; lastKnownFileType = sourcecode.swift; path = RxStateful.swift; sourceTree = "<group>"; };
		B2664D6022157E8E00DF308A /* PageCoordinator.swift */ = {isa = PBXFileReference; fileEncoding = 4; lastKnownFileType = sourcecode.swift; path = PageCoordinator.swift; sourceTree = "<group>"; };
		B2664D6122157E8E00DF308A /* Coordinator.swift */ = {isa = PBXFileReference; fileEncoding = 4; lastKnownFileType = sourcecode.swift; path = Coordinator.swift; sourceTree = "<group>"; };
		B2664D6222157E8E00DF308A /* RootCoordinator.swift */ = {isa = PBXFileReference; fileEncoding = 4; lastKnownFileType = sourcecode.swift; path = RootCoordinator.swift; sourceTree = "<group>"; };
		B2664D6322157E8E00DF308A /* NavigationCoordinator.swift */ = {isa = PBXFileReference; fileEncoding = 4; lastKnownFileType = sourcecode.swift; path = NavigationCoordinator.swift; sourceTree = "<group>"; };
		B2664D6422157E8E00DF308A /* TabCoordinator.swift */ = {isa = PBXFileReference; fileEncoding = 4; lastKnownFileType = sourcecode.swift; path = TabCoordinator.swift; sourceTree = "<group>"; };
		B2CCB1C222155C690026479B /* wallet-debug.app */ = {isa = PBXFileReference; explicitFileType = wrapper.application; includeInIndex = 0; path = "wallet-debug.app"; sourceTree = BUILT_PRODUCTS_DIR; };
		B2CCB1C522155C690026479B /* AppDelegate.swift */ = {isa = PBXFileReference; lastKnownFileType = sourcecode.swift; path = AppDelegate.swift; sourceTree = "<group>"; };
		B2CCB1C722155C690026479B /* AppCoordinator.swift */ = {isa = PBXFileReference; lastKnownFileType = sourcecode.swift; path = AppCoordinator.swift; sourceTree = "<group>"; };
		B2CCB1C922155C690026479B /* AppDependencies.swift */ = {isa = PBXFileReference; lastKnownFileType = sourcecode.swift; path = AppDependencies.swift; sourceTree = "<group>"; };
		B2CCB1CC22155C690026479B /* Appfile */ = {isa = PBXFileReference; lastKnownFileType = text; name = Appfile; path = ../fastlane/Appfile; sourceTree = "<group>"; };
		B2CCB1CD22155C690026479B /* Fastfile */ = {isa = PBXFileReference; lastKnownFileType = text; name = Fastfile; path = ../fastlane/Fastfile; sourceTree = "<group>"; };
		B2CCB1CE22155C690026479B /* Matchfile */ = {isa = PBXFileReference; lastKnownFileType = text; name = Matchfile; path = ../fastlane/Matchfile; sourceTree = "<group>"; };
		B2CCB1DC22155C690026479B /* README.md */ = {isa = PBXFileReference; lastKnownFileType = net.daringfireball.markdown; name = README.md; path = ../README.md; sourceTree = "<group>"; };
		B2CCB1DD22155C690026479B /* .gitignore */ = {isa = PBXFileReference; lastKnownFileType = text; name = .gitignore; path = ../.gitignore; sourceTree = "<group>"; };
		B2CCB1DE22155C690026479B /* Gemfile */ = {isa = PBXFileReference; lastKnownFileType = text; name = Gemfile; path = ../Gemfile; sourceTree = "<group>"; };
		B2CCB1DF22155C690026479B /* Podfile */ = {isa = PBXFileReference; lastKnownFileType = text; name = Podfile; path = ../Podfile; sourceTree = "<group>"; xcLanguageSpecificationIdentifier = xcode.lang.ruby; };
		B2CCB1E122155C690026479B /* lisca-data-flow.png */ = {isa = PBXFileReference; lastKnownFileType = image.png; name = "lisca-data-flow.png"; path = "../images/lisca-data-flow.png"; sourceTree = "<group>"; };
		B2CCB1E222155C690026479B /* lisca-scene.png */ = {isa = PBXFileReference; lastKnownFileType = image.png; name = "lisca-scene.png"; path = "../images/lisca-scene.png"; sourceTree = "<group>"; };
		B2CCB1E322155C6A0026479B /* Assets.xcassets */ = {isa = PBXFileReference; lastKnownFileType = folder.assetcatalog; path = Assets.xcassets; sourceTree = "<group>"; };
		B2CCB1E622155C6A0026479B /* Base */ = {isa = PBXFileReference; lastKnownFileType = file.storyboard; name = Base; path = Base.lproj/LaunchScreen.storyboard; sourceTree = "<group>"; };
		B2CCB1E822155C6A0026479B /* Info.plist */ = {isa = PBXFileReference; lastKnownFileType = text.plist.xml; path = Info.plist; sourceTree = "<group>"; };
		B2CCB2002215650E0026479B /* UserDefaultsService.swift */ = {isa = PBXFileReference; fileEncoding = 4; lastKnownFileType = sourcecode.swift; path = UserDefaultsService.swift; sourceTree = "<group>"; };
		B2CCB208221568560026479B /* HomeCoordinator.swift */ = {isa = PBXFileReference; lastKnownFileType = sourcecode.swift; path = HomeCoordinator.swift; sourceTree = "<group>"; };
		B2CCB209221568560026479B /* HomeTabBarController.swift */ = {isa = PBXFileReference; lastKnownFileType = sourcecode.swift; path = HomeTabBarController.swift; sourceTree = "<group>"; };
		B2CCB20D22156C590026479B /* CardsCoordinator.swift */ = {isa = PBXFileReference; lastKnownFileType = sourcecode.swift; path = CardsCoordinator.swift; sourceTree = "<group>"; };
		B2CCB20E22156C590026479B /* CardsPresenter.swift */ = {isa = PBXFileReference; lastKnownFileType = sourcecode.swift; path = CardsPresenter.swift; sourceTree = "<group>"; };
		B2CCB20F22156C590026479B /* CardsViewController.swift */ = {isa = PBXFileReference; lastKnownFileType = sourcecode.swift; path = CardsViewController.swift; sourceTree = "<group>"; };
		B2CCB21022156C590026479B /* CardsInteractor.swift */ = {isa = PBXFileReference; lastKnownFileType = sourcecode.swift; path = CardsInteractor.swift; sourceTree = "<group>"; };
		B2CCB21822156F220026479B /* UIColor+Hex.swift */ = {isa = PBXFileReference; fileEncoding = 4; lastKnownFileType = sourcecode.swift; path = "UIColor+Hex.swift"; sourceTree = "<group>"; };
		B2CCB21922156F220026479B /* UIColor+Random.swift */ = {isa = PBXFileReference; fileEncoding = 4; lastKnownFileType = sourcecode.swift; path = "UIColor+Random.swift"; sourceTree = "<group>"; };
		B2CCB21D221571130026479B /* CustomNavigationControllerDelegate.swift */ = {isa = PBXFileReference; lastKnownFileType = sourcecode.swift; path = CustomNavigationControllerDelegate.swift; sourceTree = "<group>"; };
		B2CCB220221571CF0026479B /* Theme.swift */ = {isa = PBXFileReference; fileEncoding = 4; lastKnownFileType = sourcecode.swift; path = Theme.swift; sourceTree = "<group>"; };
		B2CCB222221571F60026479B /* ColorPalette.swift */ = {isa = PBXFileReference; lastKnownFileType = sourcecode.swift; path = ColorPalette.swift; sourceTree = "<group>"; };
		E442473A9B84762FEB594954 /* Pods-wallet.release.xcconfig */ = {isa = PBXFileReference; includeInIndex = 1; lastKnownFileType = text.xcconfig; name = "Pods-wallet.release.xcconfig"; path = "Target Support Files/Pods-wallet/Pods-wallet.release.xcconfig"; sourceTree = "<group>"; };
		F24681038E41C20614C1325C /* Pods-wallet.debug.xcconfig */ = {isa = PBXFileReference; includeInIndex = 1; lastKnownFileType = text.xcconfig; name = "Pods-wallet.debug.xcconfig"; path = "Target Support Files/Pods-wallet/Pods-wallet.debug.xcconfig"; sourceTree = "<group>"; };
/* End PBXFileReference section */

/* Begin PBXFrameworksBuildPhase section */
		B2CCB1BF22155C690026479B /* Frameworks */ = {
			isa = PBXFrameworksBuildPhase;
			buildActionMask = 2147483647;
			files = (
				ED6C6E0EF4E2BAB439512562 /* Pods_wallet.framework in Frameworks */,
			);
			runOnlyForDeploymentPostprocessing = 0;
		};
/* End PBXFrameworksBuildPhase section */

/* Begin PBXGroup section */
		17EB318B7601BDE762A32756 /* Pods */ = {
			isa = PBXGroup;
			children = (
				F24681038E41C20614C1325C /* Pods-wallet.debug.xcconfig */,
				E442473A9B84762FEB594954 /* Pods-wallet.release.xcconfig */,
			);
			path = Pods;
			sourceTree = "<group>";
		};
		73D0DB470A45E1DCBD06785D /* Frameworks */ = {
			isa = PBXGroup;
			children = (
				B106394C77A75180642AA1D8 /* Pods_wallet.framework */,
			);
			name = Frameworks;
			sourceTree = "<group>";
		};
		B2664D5922157E7C00DF308A /* Libraries */ = {
			isa = PBXGroup;
			children = (
				B2664D5A22157E7C00DF308A /* Coordinator */,
				B2664D5B22157E7C00DF308A /* Rx */,
			);
			path = Libraries;
			sourceTree = "<group>";
		};
		B2664D5A22157E7C00DF308A /* Coordinator */ = {
			isa = PBXGroup;
			children = (
				B2664D6122157E8E00DF308A /* Coordinator.swift */,
				B2664D6322157E8E00DF308A /* NavigationCoordinator.swift */,
				B2664D6022157E8E00DF308A /* PageCoordinator.swift */,
				B2664D6222157E8E00DF308A /* RootCoordinator.swift */,
				B2664D6422157E8E00DF308A /* TabCoordinator.swift */,
			);
			path = Coordinator;
			sourceTree = "<group>";
		};
		B2664D5B22157E7C00DF308A /* Rx */ = {
			isa = PBXGroup;
			children = (
				B2664D5C22157E7C00DF308A /* RxKeyboard.swift */,
				B2664D5D22157E7C00DF308A /* RxStateful.swift */,
			);
			path = Rx;
			sourceTree = "<group>";
		};
		B2CCB1B922155C690026479B = {
			isa = PBXGroup;
			children = (
				B2CCB1C422155C690026479B /* wallet */,
				B2CCB1C322155C690026479B /* Products */,
				17EB318B7601BDE762A32756 /* Pods */,
				73D0DB470A45E1DCBD06785D /* Frameworks */,
			);
			sourceTree = "<group>";
		};
		B2CCB1C322155C690026479B /* Products */ = {
			isa = PBXGroup;
			children = (
				B2CCB1C222155C690026479B /* wallet-debug.app */,
			);
			name = Products;
			sourceTree = "<group>";
		};
		B2CCB1C422155C690026479B /* wallet */ = {
			isa = PBXGroup;
			children = (
				B2CCB1C722155C690026479B /* AppCoordinator.swift */,
				B2CCB1C522155C690026479B /* AppDelegate.swift */,
				B2CCB1C922155C690026479B /* AppDependencies.swift */,
				B2CCB1E322155C6A0026479B /* Assets.xcassets */,
				B2CCB21622156F0D0026479B /* Extensions */,
				B2CCB1CB22155C690026479B /* fastlane */,
				B2CCB1E822155C6A0026479B /* Info.plist */,
				B2CCB1E522155C6A0026479B /* LaunchScreen.storyboard */,
				B2664D5922157E7C00DF308A /* Libraries */,
				B2CCB1EE221563E90026479B /* Scenes */,
				B2CCB1FE221564F70026479B /* Services */,
				B2CCB1DB22155C690026479B /* Supporting Files */,
				B2CCB21F221571BD0026479B /* Theme */,
				B2CCB21C221570FC0026479B /* Utils */,
			);
			path = wallet;
			sourceTree = "<group>";
		};
		B2CCB1CB22155C690026479B /* fastlane */ = {
			isa = PBXGroup;
			children = (
				B2CCB1CC22155C690026479B /* Appfile */,
				B2CCB1CD22155C690026479B /* Fastfile */,
				B2CCB1CE22155C690026479B /* Matchfile */,
			);
			name = fastlane;
			sourceTree = "<group>";
		};
		B2CCB1DB22155C690026479B /* Supporting Files */ = {
			isa = PBXGroup;
			children = (
				B2CCB1DC22155C690026479B /* README.md */,
				B2CCB1DD22155C690026479B /* .gitignore */,
				B2CCB1DE22155C690026479B /* Gemfile */,
				B2CCB1DF22155C690026479B /* Podfile */,
				B2CCB1E022155C690026479B /* Images */,
			);
			name = "Supporting Files";
			sourceTree = "<group>";
		};
		B2CCB1E022155C690026479B /* Images */ = {
			isa = PBXGroup;
			children = (
				B2CCB1E122155C690026479B /* lisca-data-flow.png */,
				B2CCB1E222155C690026479B /* lisca-scene.png */,
			);
			name = Images;
			sourceTree = "<group>";
		};
		B2CCB1EE221563E90026479B /* Scenes */ = {
			isa = PBXGroup;
			children = (
				B2CCB20C221569E00026479B /* Cards */,
				B2CCB207221568200026479B /* Homepage */,
			);
			path = Scenes;
			sourceTree = "<group>";
		};
		B2CCB1FE221564F70026479B /* Services */ = {
			isa = PBXGroup;
			children = (
				B2CCB1FF2215650E0026479B /* UserDefaultsService */,
			);
			path = Services;
			sourceTree = "<group>";
		};
		B2CCB1FF2215650E0026479B /* UserDefaultsService */ = {
			isa = PBXGroup;
			children = (
				B2CCB2002215650E0026479B /* UserDefaultsService.swift */,
			);
			path = UserDefaultsService;
			sourceTree = "<group>";
		};
		B2CCB207221568200026479B /* Homepage */ = {
			isa = PBXGroup;
			children = (
				B2CCB208221568560026479B /* HomeCoordinator.swift */,
				B2CCB209221568560026479B /* HomeTabBarController.swift */,
			);
			path = Homepage;
			sourceTree = "<group>";
		};
		B2CCB20C221569E00026479B /* Cards */ = {
			isa = PBXGroup;
			children = (
				B2CCB20D22156C590026479B /* CardsCoordinator.swift */,
				B2CCB21022156C590026479B /* CardsInteractor.swift */,
				B2CCB20E22156C590026479B /* CardsPresenter.swift */,
				B2CCB20F22156C590026479B /* CardsViewController.swift */,
			);
			path = Cards;
			sourceTree = "<group>";
		};
		B2CCB21622156F0D0026479B /* Extensions */ = {
			isa = PBXGroup;
			children = (
				B2CCB21722156F220026479B /* UIColor */,
			);
			path = Extensions;
			sourceTree = "<group>";
		};
		B2CCB21722156F220026479B /* UIColor */ = {
			isa = PBXGroup;
			children = (
				B2CCB21822156F220026479B /* UIColor+Hex.swift */,
				B2CCB21922156F220026479B /* UIColor+Random.swift */,
			);
			path = UIColor;
			sourceTree = "<group>";
		};
		B2CCB21C221570FC0026479B /* Utils */ = {
			isa = PBXGroup;
			children = (
				B2CCB21D221571130026479B /* CustomNavigationControllerDelegate.swift */,
			);
			path = Utils;
			sourceTree = "<group>";
		};
		B2CCB21F221571BD0026479B /* Theme */ = {
			isa = PBXGroup;
			children = (
				B2CCB222221571F60026479B /* ColorPalette.swift */,
				B2CCB220221571CF0026479B /* Theme.swift */,
			);
			path = Theme;
			sourceTree = "<group>";
		};
/* End PBXGroup section */

/* Begin PBXNativeTarget section */
		B2CCB1C122155C690026479B /* wallet */ = {
			isa = PBXNativeTarget;
			buildConfigurationList = B2CCB1EB22155C6A0026479B /* Build configuration list for PBXNativeTarget "wallet" */;
			buildPhases = (
				7CECD458EEF64167897BA0F9 /* [CP] Check Pods Manifest.lock */,
				B2CCB1BE22155C690026479B /* Sources */,
				B2CCB1BF22155C690026479B /* Frameworks */,
				B2CCB1C022155C690026479B /* Resources */,
				DC9709D0196C85E31A64C4FF /* [CP] Embed Pods Frameworks */,
			);
			buildRules = (
			);
			dependencies = (
			);
			name = wallet;
			productName = wallet;
			productReference = B2CCB1C222155C690026479B /* wallet-debug.app */;
			productType = "com.apple.product-type.application";
		};
/* End PBXNativeTarget section */

/* Begin PBXProject section */
		B2CCB1BA22155C690026479B /* Project object */ = {
			isa = PBXProject;
			attributes = {
				LastSwiftUpdateCheck = 1010;
				LastUpgradeCheck = 1010;
				ORGANIZATIONNAME = "Pietro Basso";
				TargetAttributes = {
					B2CCB1C122155C690026479B = {
						CreatedOnToolsVersion = 10.1;
					};
				};
			};
			buildConfigurationList = B2CCB1BD22155C690026479B /* Build configuration list for PBXProject "wallet" */;
			compatibilityVersion = "Xcode 9.3";
			developmentRegion = en;
			hasScannedForEncodings = 0;
			knownRegions = (
				en,
				Base,
			);
			mainGroup = B2CCB1B922155C690026479B;
			productRefGroup = B2CCB1C322155C690026479B /* Products */;
			projectDirPath = "";
			projectRoot = "";
			targets = (
				B2CCB1C122155C690026479B /* wallet */,
			);
		};
/* End PBXProject section */

/* Begin PBXResourcesBuildPhase section */
		B2CCB1C022155C690026479B /* Resources */ = {
			isa = PBXResourcesBuildPhase;
			buildActionMask = 2147483647;
			files = (
				B2CCB1E422155C6A0026479B /* Assets.xcassets in Resources */,
				B2CCB1E722155C6A0026479B /* LaunchScreen.storyboard in Resources */,
			);
			runOnlyForDeploymentPostprocessing = 0;
		};
/* End PBXResourcesBuildPhase section */

/* Begin PBXShellScriptBuildPhase section */
		7CECD458EEF64167897BA0F9 /* [CP] Check Pods Manifest.lock */ = {
			isa = PBXShellScriptBuildPhase;
			buildActionMask = 2147483647;
			files = (
			);
			inputFileListPaths = (
			);
			inputPaths = (
				"${PODS_PODFILE_DIR_PATH}/Podfile.lock",
				"${PODS_ROOT}/Manifest.lock",
			);
			name = "[CP] Check Pods Manifest.lock";
			outputFileListPaths = (
			);
			outputPaths = (
				"$(DERIVED_FILE_DIR)/Pods-wallet-checkManifestLockResult.txt",
			);
			runOnlyForDeploymentPostprocessing = 0;
			shellPath = /bin/sh;
			shellScript = "diff \"${PODS_PODFILE_DIR_PATH}/Podfile.lock\" \"${PODS_ROOT}/Manifest.lock\" > /dev/null\nif [ $? != 0 ] ; then\n    # print error to STDERR\n    echo \"error: The sandbox is not in sync with the Podfile.lock. Run 'pod install' or update your CocoaPods installation.\" >&2\n    exit 1\nfi\n# This output is used by Xcode 'outputs' to avoid re-running this script phase.\necho \"SUCCESS\" > \"${SCRIPT_OUTPUT_FILE_0}\"\n";
			showEnvVarsInLog = 0;
		};
		DC9709D0196C85E31A64C4FF /* [CP] Embed Pods Frameworks */ = {
			isa = PBXShellScriptBuildPhase;
			buildActionMask = 2147483647;
			files = (
			);
			inputFileListPaths = (
			);
			inputPaths = (
				"${PODS_ROOT}/Target Support Files/Pods-wallet/Pods-wallet-frameworks.sh",
				"${BUILT_PRODUCTS_DIR}/RxAtomic/RxAtomic.framework",
				"${BUILT_PRODUCTS_DIR}/RxCocoa/RxCocoa.framework",
				"${BUILT_PRODUCTS_DIR}/RxSwift/RxSwift.framework",
			);
			name = "[CP] Embed Pods Frameworks";
			outputFileListPaths = (
			);
			outputPaths = (
				"${TARGET_BUILD_DIR}/${FRAMEWORKS_FOLDER_PATH}/RxAtomic.framework",
				"${TARGET_BUILD_DIR}/${FRAMEWORKS_FOLDER_PATH}/RxCocoa.framework",
				"${TARGET_BUILD_DIR}/${FRAMEWORKS_FOLDER_PATH}/RxSwift.framework",
			);
			runOnlyForDeploymentPostprocessing = 0;
			shellPath = /bin/sh;
			shellScript = "\"${PODS_ROOT}/Target Support Files/Pods-wallet/Pods-wallet-frameworks.sh\"\n";
			showEnvVarsInLog = 0;
		};
/* End PBXShellScriptBuildPhase section */

/* Begin PBXSourcesBuildPhase section */
		B2CCB1BE22155C690026479B /* Sources */ = {
			isa = PBXSourcesBuildPhase;
			buildActionMask = 2147483647;
			files = (
				B2CCB1CA22155C690026479B /* AppDependencies.swift in Sources */,
				B2664D6522157E8E00DF308A /* PageCoordinator.swift in Sources */,
				B2CCB1C822155C690026479B /* AppCoordinator.swift in Sources */,
				B2664D6822157E8E00DF308A /* NavigationCoordinator.swift in Sources */,
				B2CCB21A22156F220026479B /* UIColor+Hex.swift in Sources */,
				B2CCB223221571F60026479B /* ColorPalette.swift in Sources */,
				B2CCB20B221568560026479B /* HomeTabBarController.swift in Sources */,
				B2CCB1C622155C690026479B /* AppDelegate.swift in Sources */,
				B2CCB21B22156F220026479B /* UIColor+Random.swift in Sources */,
				B2664D5F22157E7C00DF308A /* RxStateful.swift in Sources */,
				B2CCB221221571CF0026479B /* Theme.swift in Sources */,
				B2CCB21422156C590026479B /* CardsInteractor.swift in Sources */,
				B2CCB21322156C590026479B /* CardsViewController.swift in Sources */,
				B2CCB21122156C590026479B /* CardsCoordinator.swift in Sources */,
				B2664D6922157E8E00DF308A /* TabCoordinator.swift in Sources */,
				B2664D6722157E8E00DF308A /* RootCoordinator.swift in Sources */,
				B2CCB2012215650E0026479B /* UserDefaultsService.swift in Sources */,
				B2664D6622157E8E00DF308A /* Coordinator.swift in Sources */,
				B2CCB20A221568560026479B /* HomeCoordinator.swift in Sources */,
				B2CCB21E221571130026479B /* CustomNavigationControllerDelegate.swift in Sources */,
				B2664D5E22157E7C00DF308A /* RxKeyboard.swift in Sources */,
				B2CCB21222156C590026479B /* CardsPresenter.swift in Sources */,
			);
			runOnlyForDeploymentPostprocessing = 0;
		};
/* End PBXSourcesBuildPhase section */

/* Begin PBXVariantGroup section */
		B2CCB1E522155C6A0026479B /* LaunchScreen.storyboard */ = {
			isa = PBXVariantGroup;
			children = (
				B2CCB1E622155C6A0026479B /* Base */,
			);
			name = LaunchScreen.storyboard;
			sourceTree = "<group>";
		};
/* End PBXVariantGroup section */

/* Begin XCBuildConfiguration section */
		B2CCB1E922155C6A0026479B /* Debug */ = {
			isa = XCBuildConfiguration;
			buildSettings = {
				ALWAYS_SEARCH_USER_PATHS = NO;
				CLANG_ANALYZER_NONNULL = YES;
				CLANG_ANALYZER_NUMBER_OBJECT_CONVERSION = YES_AGGRESSIVE;
				CLANG_CXX_LANGUAGE_STANDARD = "gnu++14";
				CLANG_CXX_LIBRARY = "libc++";
				CLANG_ENABLE_MODULES = YES;
				CLANG_ENABLE_OBJC_ARC = YES;
				CLANG_ENABLE_OBJC_WEAK = YES;
				CLANG_WARN_BLOCK_CAPTURE_AUTORELEASING = YES;
				CLANG_WARN_BOOL_CONVERSION = YES;
				CLANG_WARN_COMMA = YES;
				CLANG_WARN_CONSTANT_CONVERSION = YES;
				CLANG_WARN_DEPRECATED_OBJC_IMPLEMENTATIONS = YES;
				CLANG_WARN_DIRECT_OBJC_ISA_USAGE = YES_ERROR;
				CLANG_WARN_DOCUMENTATION_COMMENTS = YES;
				CLANG_WARN_EMPTY_BODY = YES;
				CLANG_WARN_ENUM_CONVERSION = YES;
				CLANG_WARN_INFINITE_RECURSION = YES;
				CLANG_WARN_INT_CONVERSION = YES;
				CLANG_WARN_NON_LITERAL_NULL_CONVERSION = YES;
				CLANG_WARN_OBJC_IMPLICIT_RETAIN_SELF = YES;
				CLANG_WARN_OBJC_LITERAL_CONVERSION = YES;
				CLANG_WARN_OBJC_ROOT_CLASS = YES_ERROR;
				CLANG_WARN_RANGE_LOOP_ANALYSIS = YES;
				CLANG_WARN_STRICT_PROTOTYPES = YES;
				CLANG_WARN_SUSPICIOUS_MOVE = YES;
				CLANG_WARN_UNGUARDED_AVAILABILITY = YES_AGGRESSIVE;
				CLANG_WARN_UNREACHABLE_CODE = YES;
				CLANG_WARN__DUPLICATE_METHOD_MATCH = YES;
				CODE_SIGN_IDENTITY = "iPhone Developer";
				COPY_PHASE_STRIP = NO;
				DEBUG_INFORMATION_FORMAT = dwarf;
				ENABLE_STRICT_OBJC_MSGSEND = YES;
				ENABLE_TESTABILITY = YES;
				GCC_C_LANGUAGE_STANDARD = gnu11;
				GCC_DYNAMIC_NO_PIC = NO;
				GCC_NO_COMMON_BLOCKS = YES;
				GCC_OPTIMIZATION_LEVEL = 0;
				GCC_PREPROCESSOR_DEFINITIONS = (
					"DEBUG=1",
					"$(inherited)",
				);
				GCC_WARN_64_TO_32_BIT_CONVERSION = YES;
				GCC_WARN_ABOUT_RETURN_TYPE = YES_ERROR;
				GCC_WARN_UNDECLARED_SELECTOR = YES;
				GCC_WARN_UNINITIALIZED_AUTOS = YES_AGGRESSIVE;
				GCC_WARN_UNUSED_FUNCTION = YES;
				GCC_WARN_UNUSED_VARIABLE = YES;
				IPHONEOS_DEPLOYMENT_TARGET = 12.1;
				MTL_ENABLE_DEBUG_INFO = INCLUDE_SOURCE;
				MTL_FAST_MATH = YES;
				ONLY_ACTIVE_ARCH = YES;
				SDKROOT = iphoneos;
				SWIFT_ACTIVE_COMPILATION_CONDITIONS = DEBUG;
				SWIFT_OPTIMIZATION_LEVEL = "-Onone";
			};
			name = Debug;
		};
		B2CCB1EA22155C6A0026479B /* Release */ = {
			isa = XCBuildConfiguration;
			buildSettings = {
				ALWAYS_SEARCH_USER_PATHS = NO;
				CLANG_ANALYZER_NONNULL = YES;
				CLANG_ANALYZER_NUMBER_OBJECT_CONVERSION = YES_AGGRESSIVE;
				CLANG_CXX_LANGUAGE_STANDARD = "gnu++14";
				CLANG_CXX_LIBRARY = "libc++";
				CLANG_ENABLE_MODULES = YES;
				CLANG_ENABLE_OBJC_ARC = YES;
				CLANG_ENABLE_OBJC_WEAK = YES;
				CLANG_WARN_BLOCK_CAPTURE_AUTORELEASING = YES;
				CLANG_WARN_BOOL_CONVERSION = YES;
				CLANG_WARN_COMMA = YES;
				CLANG_WARN_CONSTANT_CONVERSION = YES;
				CLANG_WARN_DEPRECATED_OBJC_IMPLEMENTATIONS = YES;
				CLANG_WARN_DIRECT_OBJC_ISA_USAGE = YES_ERROR;
				CLANG_WARN_DOCUMENTATION_COMMENTS = YES;
				CLANG_WARN_EMPTY_BODY = YES;
				CLANG_WARN_ENUM_CONVERSION = YES;
				CLANG_WARN_INFINITE_RECURSION = YES;
				CLANG_WARN_INT_CONVERSION = YES;
				CLANG_WARN_NON_LITERAL_NULL_CONVERSION = YES;
				CLANG_WARN_OBJC_IMPLICIT_RETAIN_SELF = YES;
				CLANG_WARN_OBJC_LITERAL_CONVERSION = YES;
				CLANG_WARN_OBJC_ROOT_CLASS = YES_ERROR;
				CLANG_WARN_RANGE_LOOP_ANALYSIS = YES;
				CLANG_WARN_STRICT_PROTOTYPES = YES;
				CLANG_WARN_SUSPICIOUS_MOVE = YES;
				CLANG_WARN_UNGUARDED_AVAILABILITY = YES_AGGRESSIVE;
				CLANG_WARN_UNREACHABLE_CODE = YES;
				CLANG_WARN__DUPLICATE_METHOD_MATCH = YES;
				CODE_SIGN_IDENTITY = "iPhone Developer";
				COPY_PHASE_STRIP = NO;
				DEBUG_INFORMATION_FORMAT = "dwarf-with-dsym";
				ENABLE_NS_ASSERTIONS = NO;
				ENABLE_STRICT_OBJC_MSGSEND = YES;
				GCC_C_LANGUAGE_STANDARD = gnu11;
				GCC_NO_COMMON_BLOCKS = YES;
				GCC_WARN_64_TO_32_BIT_CONVERSION = YES;
				GCC_WARN_ABOUT_RETURN_TYPE = YES_ERROR;
				GCC_WARN_UNDECLARED_SELECTOR = YES;
				GCC_WARN_UNINITIALIZED_AUTOS = YES_AGGRESSIVE;
				GCC_WARN_UNUSED_FUNCTION = YES;
				GCC_WARN_UNUSED_VARIABLE = YES;
				IPHONEOS_DEPLOYMENT_TARGET = 12.1;
				MTL_ENABLE_DEBUG_INFO = NO;
				MTL_FAST_MATH = YES;
				SDKROOT = iphoneos;
				SWIFT_COMPILATION_MODE = wholemodule;
				SWIFT_OPTIMIZATION_LEVEL = "-O";
				VALIDATE_PRODUCT = YES;
			};
			name = Release;
		};
		B2CCB1EC22155C6A0026479B /* Debug */ = {
			isa = XCBuildConfiguration;
			baseConfigurationReference = F24681038E41C20614C1325C /* Pods-wallet.debug.xcconfig */;
			buildSettings = {
				ASSETCATALOG_COMPILER_APPICON_NAME = AppIcon;
				CODE_SIGN_STYLE = Manual;
				CURRENT_PROJECT_VERSION = 1;
				DEVELOPMENT_TEAM = "";
				INFOPLIST_FILE = wallet/Info.plist;
				IPHONEOS_DEPLOYMENT_TARGET = 11.0;
				LD_RUNPATH_SEARCH_PATHS = (
					"$(inherited)",
					"@executable_path/Frameworks",
				);
				PRODUCT_BUNDLE_IDENTIFIER = com.pietrobasso.wallet;
				PRODUCT_NAME = "wallet-debug";
				PROVISIONING_PROFILE = "";
				PROVISIONING_PROFILE_SPECIFIER = "";
				SERVER_URL = "http://debug.website.com";
				SWIFT_VERSION = 4.2;
				TARGETED_DEVICE_FAMILY = "1,2";
				VERSIONING_SYSTEM = "apple-generic";
			};
			name = Debug;
		};
		B2CCB1ED22155C6A0026479B /* Release */ = {
			isa = XCBuildConfiguration;
			baseConfigurationReference = E442473A9B84762FEB594954 /* Pods-wallet.release.xcconfig */;
			buildSettings = {
				ASSETCATALOG_COMPILER_APPICON_NAME = AppIcon;
				CODE_SIGN_STYLE = Manual;
				CURRENT_PROJECT_VERSION = 1;
				DEVELOPMENT_TEAM = "";
				INFOPLIST_FILE = wallet/Info.plist;
				IPHONEOS_DEPLOYMENT_TARGET = 11.0;
				LD_RUNPATH_SEARCH_PATHS = (
					"$(inherited)",
					"@executable_path/Frameworks",
				);
				PRODUCT_BUNDLE_IDENTIFIER = com.pietrobasso.wallet;
				PRODUCT_NAME = wallet;
				PROVISIONING_PROFILE = "";
				PROVISIONING_PROFILE_SPECIFIER = "";
				SERVER_URL = "http://relase.website.com";
				SWIFT_VERSION = 4.2;
				TARGETED_DEVICE_FAMILY = "1,2";
				VERSIONING_SYSTEM = "apple-generic";
			};
			name = Release;
		};
/* End XCBuildConfiguration section */

/* Begin XCConfigurationList section */
		B2CCB1BD22155C690026479B /* Build configuration list for PBXProject "wallet" */ = {
			isa = XCConfigurationList;
			buildConfigurations = (
				B2CCB1E922155C6A0026479B /* Debug */,
				B2CCB1EA22155C6A0026479B /* Release */,
			);
			defaultConfigurationIsVisible = 0;
			defaultConfigurationName = Release;
		};
		B2CCB1EB22155C6A0026479B /* Build configuration list for PBXNativeTarget "wallet" */ = {
			isa = XCConfigurationList;
			buildConfigurations = (
				B2CCB1EC22155C6A0026479B /* Debug */,
				B2CCB1ED22155C6A0026479B /* Release */,
			);
			defaultConfigurationIsVisible = 0;
			defaultConfigurationName = Release;
		};
/* End XCConfigurationList section */
	};
	rootObject = B2CCB1BA22155C690026479B /* Project object */;
}
